// !$*UTF8*$!
{
	archiveVersion = 1;
	classes = {
	};
	objectVersion = 48;
	objects = {

/* Begin PBXBuildFile section */
		0CAB9D9D1F4E7212A1127047 /* Pods_Wine_App.framework in Frameworks */ = {isa = PBXBuildFile; fileRef = A9FB349AF0D94AC42EB9080F /* Pods_Wine_App.framework */; };
		C09635432024289E00CE15EC /* DiscoverVC.swift in Sources */ = {isa = PBXBuildFile; fileRef = C09635422024289E00CE15EC /* DiscoverVC.swift */; };
		C0963545202428B300CE15EC /* ProfileVC.swift in Sources */ = {isa = PBXBuildFile; fileRef = C0963544202428B300CE15EC /* ProfileVC.swift */; };
		C0963547202428CD00CE15EC /* WineInfoVC.swift in Sources */ = {isa = PBXBuildFile; fileRef = C0963546202428CD00CE15EC /* WineInfoVC.swift */; };
		C096354920244B2800CE15EC /* DiscoverTVCell.swift in Sources */ = {isa = PBXBuildFile; fileRef = C096354820244B2800CE15EC /* DiscoverTVCell.swift */; };
		C0FE186B201FB6470008AF47 /* AppDelegate.swift in Sources */ = {isa = PBXBuildFile; fileRef = C0FE186A201FB6470008AF47 /* AppDelegate.swift */; };
		C0FE186D201FB6470008AF47 /* SearchVC.swift in Sources */ = {isa = PBXBuildFile; fileRef = C0FE186C201FB6470008AF47 /* SearchVC.swift */; };
		C0FE1870201FB6470008AF47 /* Main.storyboard in Resources */ = {isa = PBXBuildFile; fileRef = C0FE186E201FB6470008AF47 /* Main.storyboard */; };
		C0FE1873201FB6470008AF47 /* Wine_App.xcdatamodeld in Sources */ = {isa = PBXBuildFile; fileRef = C0FE1871201FB6470008AF47 /* Wine_App.xcdatamodeld */; };
		C0FE1875201FB6470008AF47 /* Assets.xcassets in Resources */ = {isa = PBXBuildFile; fileRef = C0FE1874201FB6470008AF47 /* Assets.xcassets */; };
		C0FE1878201FB6470008AF47 /* LaunchScreen.storyboard in Resources */ = {isa = PBXBuildFile; fileRef = C0FE1876201FB6470008AF47 /* LaunchScreen.storyboard */; };
/* End PBXBuildFile section */

/* Begin PBXFileReference section */
		8066998CD73604D80CDC574A /* Pods-Wine App.release.xcconfig */ = {isa = PBXFileReference; includeInIndex = 1; lastKnownFileType = text.xcconfig; name = "Pods-Wine App.release.xcconfig"; path = "Pods/Target Support Files/Pods-Wine App/Pods-Wine App.release.xcconfig"; sourceTree = "<group>"; };
		A5CAEF15F3BD8B9B3D94FF72 /* Pods-Wine App.debug.xcconfig */ = {isa = PBXFileReference; includeInIndex = 1; lastKnownFileType = text.xcconfig; name = "Pods-Wine App.debug.xcconfig"; path = "Pods/Target Support Files/Pods-Wine App/Pods-Wine App.debug.xcconfig"; sourceTree = "<group>"; };
		A9FB349AF0D94AC42EB9080F /* Pods_Wine_App.framework */ = {isa = PBXFileReference; explicitFileType = wrapper.framework; includeInIndex = 0; path = Pods_Wine_App.framework; sourceTree = BUILT_PRODUCTS_DIR; };
		C09635422024289E00CE15EC /* DiscoverVC.swift */ = {isa = PBXFileReference; lastKnownFileType = sourcecode.swift; path = DiscoverVC.swift; sourceTree = "<group>"; };
		C0963544202428B300CE15EC /* ProfileVC.swift */ = {isa = PBXFileReference; lastKnownFileType = sourcecode.swift; path = ProfileVC.swift; sourceTree = "<group>"; };
		C0963546202428CD00CE15EC /* WineInfoVC.swift */ = {isa = PBXFileReference; lastKnownFileType = sourcecode.swift; path = WineInfoVC.swift; sourceTree = "<group>"; };
		C096354820244B2800CE15EC /* DiscoverTVCell.swift */ = {isa = PBXFileReference; lastKnownFileType = sourcecode.swift; path = DiscoverTVCell.swift; sourceTree = "<group>"; };
		C0FE1867201FB6470008AF47 /* Wine App.app */ = {isa = PBXFileReference; explicitFileType = wrapper.application; includeInIndex = 0; path = "Wine App.app"; sourceTree = BUILT_PRODUCTS_DIR; };
		C0FE186A201FB6470008AF47 /* AppDelegate.swift */ = {isa = PBXFileReference; lastKnownFileType = sourcecode.swift; path = AppDelegate.swift; sourceTree = "<group>"; };
		C0FE186C201FB6470008AF47 /* SearchVC.swift */ = {isa = PBXFileReference; lastKnownFileType = sourcecode.swift; path = SearchVC.swift; sourceTree = "<group>"; };
		C0FE186F201FB6470008AF47 /* Base */ = {isa = PBXFileReference; lastKnownFileType = file.storyboard; name = Base; path = Base.lproj/Main.storyboard; sourceTree = "<group>"; };
		C0FE1872201FB6470008AF47 /* Wine_App.xcdatamodel */ = {isa = PBXFileReference; lastKnownFileType = wrapper.xcdatamodel; path = Wine_App.xcdatamodel; sourceTree = "<group>"; };
		C0FE1874201FB6470008AF47 /* Assets.xcassets */ = {isa = PBXFileReference; lastKnownFileType = folder.assetcatalog; path = Assets.xcassets; sourceTree = "<group>"; };
		C0FE1877201FB6470008AF47 /* Base */ = {isa = PBXFileReference; lastKnownFileType = file.storyboard; name = Base; path = Base.lproj/LaunchScreen.storyboard; sourceTree = "<group>"; };
		C0FE1879201FB6470008AF47 /* Info.plist */ = {isa = PBXFileReference; lastKnownFileType = text.plist.xml; path = Info.plist; sourceTree = "<group>"; };
/* End PBXFileReference section */

/* Begin PBXFrameworksBuildPhase section */
		C0FE1864201FB6470008AF47 /* Frameworks */ = {
			isa = PBXFrameworksBuildPhase;
			buildActionMask = 2147483647;
			files = (
				0CAB9D9D1F4E7212A1127047 /* Pods_Wine_App.framework in Frameworks */,
			);
			runOnlyForDeploymentPostprocessing = 0;
		};
/* End PBXFrameworksBuildPhase section */

/* Begin PBXGroup section */
		997AF11D5946F4A4C76C1B50 /* Frameworks */ = {
			isa = PBXGroup;
			children = (
				A9FB349AF0D94AC42EB9080F /* Pods_Wine_App.framework */,
			);
			name = Frameworks;
			sourceTree = "<group>";
		};
		BE961F228A7630D4A80CD7CD /* Pods */ = {
			isa = PBXGroup;
			children = (
				A5CAEF15F3BD8B9B3D94FF72 /* Pods-Wine App.debug.xcconfig */,
				8066998CD73604D80CDC574A /* Pods-Wine App.release.xcconfig */,
			);
			name = Pods;
			sourceTree = "<group>";
		};
		C0FE185E201FB6460008AF47 = {
			isa = PBXGroup;
			children = (
				C0FE1869201FB6470008AF47 /* Wine App */,
				C0FE1868201FB6470008AF47 /* Products */,
				BE961F228A7630D4A80CD7CD /* Pods */,
				997AF11D5946F4A4C76C1B50 /* Frameworks */,
			);
			sourceTree = "<group>";
		};
		C0FE1868201FB6470008AF47 /* Products */ = {
			isa = PBXGroup;
			children = (
				C0FE1867201FB6470008AF47 /* Wine App.app */,
			);
			name = Products;
			sourceTree = "<group>";
		};
		C0FE1869201FB6470008AF47 /* Wine App */ = {
			isa = PBXGroup;
			children = (
				C0FE186A201FB6470008AF47 /* AppDelegate.swift */,
				C0FE186C201FB6470008AF47 /* SearchVC.swift */,
				C0FE186E201FB6470008AF47 /* Main.storyboard */,
				C096354820244B2800CE15EC /* DiscoverTVCell.swift */,
				C0963546202428CD00CE15EC /* WineInfoVC.swift */,
				C0963544202428B300CE15EC /* ProfileVC.swift */,
				C09635422024289E00CE15EC /* DiscoverVC.swift */,
				C0FE1874201FB6470008AF47 /* Assets.xcassets */,
				C0FE1876201FB6470008AF47 /* LaunchScreen.storyboard */,
				C0FE1879201FB6470008AF47 /* Info.plist */,
				C0FE1871201FB6470008AF47 /* Wine_App.xcdatamodeld */,
			);
			path = "Wine App";
			sourceTree = "<group>";
		};
/* End PBXGroup section */

/* Begin PBXNativeTarget section */
		C0FE1866201FB6470008AF47 /* Wine App */ = {
			isa = PBXNativeTarget;
			buildConfigurationList = C0FE187C201FB6470008AF47 /* Build configuration list for PBXNativeTarget "Wine App" */;
			buildPhases = (
				A660E12FE1B306AC17DA63AF /* [CP] Check Pods Manifest.lock */,
				C0FE1863201FB6470008AF47 /* Sources */,
				C0FE1864201FB6470008AF47 /* Frameworks */,
				C0FE1865201FB6470008AF47 /* Resources */,
				EA46F59176C7EB57B55F72F6 /* [CP] Embed Pods Frameworks */,
				E9A7D51EAAC57DC977335B66 /* [CP] Copy Pods Resources */,
			);
			buildRules = (
			);
			dependencies = (
			);
			name = "Wine App";
			productName = "Wine App";
			productReference = C0FE1867201FB6470008AF47 /* Wine App.app */;
			productType = "com.apple.product-type.application";
		};
/* End PBXNativeTarget section */

/* Begin PBXProject section */
		C0FE185F201FB6460008AF47 /* Project object */ = {
			isa = PBXProject;
			attributes = {
				LastSwiftUpdateCheck = 0920;
				LastUpgradeCheck = 0920;
				ORGANIZATIONNAME = "Andy Kwong";
				TargetAttributes = {
					C0FE1866201FB6470008AF47 = {
						CreatedOnToolsVersion = 9.2;
						ProvisioningStyle = Automatic;
					};
				};
			};
			buildConfigurationList = C0FE1862201FB6460008AF47 /* Build configuration list for PBXProject "Wine App" */;
			compatibilityVersion = "Xcode 8.0";
			developmentRegion = en;
			hasScannedForEncodings = 0;
			knownRegions = (
				en,
				Base,
			);
			mainGroup = C0FE185E201FB6460008AF47;
			productRefGroup = C0FE1868201FB6470008AF47 /* Products */;
			projectDirPath = "";
			projectRoot = "";
			targets = (
				C0FE1866201FB6470008AF47 /* Wine App */,
			);
		};
/* End PBXProject section */

/* Begin PBXResourcesBuildPhase section */
		C0FE1865201FB6470008AF47 /* Resources */ = {
			isa = PBXResourcesBuildPhase;
			buildActionMask = 2147483647;
			files = (
				C0FE1878201FB6470008AF47 /* LaunchScreen.storyboard in Resources */,
				C0FE1875201FB6470008AF47 /* Assets.xcassets in Resources */,
				C0FE1870201FB6470008AF47 /* Main.storyboard in Resources */,
			);
			runOnlyForDeploymentPostprocessing = 0;
		};
/* End PBXResourcesBuildPhase section */

/* Begin PBXShellScriptBuildPhase section */
		A660E12FE1B306AC17DA63AF /* [CP] Check Pods Manifest.lock */ = {
			isa = PBXShellScriptBuildPhase;
			buildActionMask = 2147483647;
			files = (
			);
			inputPaths = (
				"${PODS_PODFILE_DIR_PATH}/Podfile.lock",
				"${PODS_ROOT}/Manifest.lock",
			);
			name = "[CP] Check Pods Manifest.lock";
			outputPaths = (
				"$(DERIVED_FILE_DIR)/Pods-Wine App-checkManifestLockResult.txt",
			);
			runOnlyForDeploymentPostprocessing = 0;
			shellPath = /bin/sh;
			shellScript = "diff \"${PODS_PODFILE_DIR_PATH}/Podfile.lock\" \"${PODS_ROOT}/Manifest.lock\" > /dev/null\nif [ $? != 0 ] ; then\n    # print error to STDERR\n    echo \"error: The sandbox is not in sync with the Podfile.lock. Run 'pod install' or update your CocoaPods installation.\" >&2\n    exit 1\nfi\n# This output is used by Xcode 'outputs' to avoid re-running this script phase.\necho \"SUCCESS\" > \"${SCRIPT_OUTPUT_FILE_0}\"\n";
			showEnvVarsInLog = 0;
		};
		E9A7D51EAAC57DC977335B66 /* [CP] Copy Pods Resources */ = {
			isa = PBXShellScriptBuildPhase;
			buildActionMask = 2147483647;
			files = (
			);
			inputPaths = (
			);
			name = "[CP] Copy Pods Resources";
			outputPaths = (
			);
			runOnlyForDeploymentPostprocessing = 0;
			shellPath = /bin/sh;
			shellScript = "\"${SRCROOT}/Pods/Target Support Files/Pods-Wine App/Pods-Wine App-resources.sh\"\n";
			showEnvVarsInLog = 0;
		};
		EA46F59176C7EB57B55F72F6 /* [CP] Embed Pods Frameworks */ = {
			isa = PBXShellScriptBuildPhase;
			buildActionMask = 2147483647;
			files = (
			);
			inputPaths = (
			);
			name = "[CP] Embed Pods Frameworks";
			outputPaths = (
			);
			runOnlyForDeploymentPostprocessing = 0;
			shellPath = /bin/sh;
			shellScript = "\"${SRCROOT}/Pods/Target Support Files/Pods-Wine App/Pods-Wine App-frameworks.sh\"\n";
			showEnvVarsInLog = 0;
		};
/* End PBXShellScriptBuildPhase section */

/* Begin PBXSourcesBuildPhase section */
		C0FE1863201FB6470008AF47 /* Sources */ = {
			isa = PBXSourcesBuildPhase;
			buildActionMask = 2147483647;
			files = (
				C0FE1873201FB6470008AF47 /* Wine_App.xcdatamodeld in Sources */,
				C0963547202428CD00CE15EC /* WineInfoVC.swift in Sources */,
				C09635432024289E00CE15EC /* DiscoverVC.swift in Sources */,
				C0963545202428B300CE15EC /* ProfileVC.swift in Sources */,
				C096354920244B2800CE15EC /* DiscoverTVCell.swift in Sources */,
				C0FE186D201FB6470008AF47 /* SearchVC.swift in Sources */,
				C0FE186B201FB6470008AF47 /* AppDelegate.swift in Sources */,
			);
			runOnlyForDeploymentPostprocessing = 0;
		};
/* End PBXSourcesBuildPhase section */

/* Begin PBXVariantGroup section */
		C0FE186E201FB6470008AF47 /* Main.storyboard */ = {
			isa = PBXVariantGroup;
			children = (
				C0FE186F201FB6470008AF47 /* Base */,
			);
			name = Main.storyboard;
			sourceTree = "<group>";
		};
		C0FE1876201FB6470008AF47 /* LaunchScreen.storyboard */ = {
			isa = PBXVariantGroup;
			children = (
				C0FE1877201FB6470008AF47 /* Base */,
			);
			name = LaunchScreen.storyboard;
			sourceTree = "<group>";
		};
/* End PBXVariantGroup section */

/* Begin XCBuildConfiguration section */
		C0FE187A201FB6470008AF47 /* Debug */ = {
			isa = XCBuildConfiguration;
			buildSettings = {
				ALWAYS_SEARCH_USER_PATHS = NO;
				CLANG_ANALYZER_NONNULL = YES;
				CLANG_ANALYZER_NUMBER_OBJECT_CONVERSION = YES_AGGRESSIVE;
				CLANG_CXX_LANGUAGE_STANDARD = "gnu++14";
				CLANG_CXX_LIBRARY = "libc++";
				CLANG_ENABLE_MODULES = YES;
				CLANG_ENABLE_OBJC_ARC = YES;
				CLANG_WARN_BLOCK_CAPTURE_AUTORELEASING = YES;
				CLANG_WARN_BOOL_CONVERSION = YES;
				CLANG_WARN_COMMA = YES;
				CLANG_WARN_CONSTANT_CONVERSION = YES;
				CLANG_WARN_DIRECT_OBJC_ISA_USAGE = YES_ERROR;
				CLANG_WARN_DOCUMENTATION_COMMENTS = YES;
				CLANG_WARN_EMPTY_BODY = YES;
				CLANG_WARN_ENUM_CONVERSION = YES;
				CLANG_WARN_INFINITE_RECURSION = YES;
				CLANG_WARN_INT_CONVERSION = YES;
				CLANG_WARN_NON_LITERAL_NULL_CONVERSION = YES;
				CLANG_WARN_OBJC_LITERAL_CONVERSION = YES;
				CLANG_WARN_OBJC_ROOT_CLASS = YES_ERROR;
				CLANG_WARN_RANGE_LOOP_ANALYSIS = YES;
				CLANG_WARN_STRICT_PROTOTYPES = YES;
				CLANG_WARN_SUSPICIOUS_MOVE = YES;
				CLANG_WARN_UNGUARDED_AVAILABILITY = YES_AGGRESSIVE;
				CLANG_WARN_UNREACHABLE_CODE = YES;
				CLANG_WARN__DUPLICATE_METHOD_MATCH = YES;
				CODE_SIGN_IDENTITY = "iPhone Developer";
				COPY_PHASE_STRIP = NO;
				DEBUG_INFORMATION_FORMAT = dwarf;
				ENABLE_STRICT_OBJC_MSGSEND = YES;
				ENABLE_TESTABILITY = YES;
				GCC_C_LANGUAGE_STANDARD = gnu11;
				GCC_DYNAMIC_NO_PIC = NO;
				GCC_NO_COMMON_BLOCKS = YES;
				GCC_OPTIMIZATION_LEVEL = 0;
				GCC_PREPROCESSOR_DEFINITIONS = (
					"DEBUG=1",
					"$(inherited)",
				);
				GCC_WARN_64_TO_32_BIT_CONVERSION = YES;
				GCC_WARN_ABOUT_RETURN_TYPE = YES_ERROR;
				GCC_WARN_UNDECLARED_SELECTOR = YES;
				GCC_WARN_UNINITIALIZED_AUTOS = YES_AGGRESSIVE;
				GCC_WARN_UNUSED_FUNCTION = YES;
				GCC_WARN_UNUSED_VARIABLE = YES;
				IPHONEOS_DEPLOYMENT_TARGET = 11.2;
				MTL_ENABLE_DEBUG_INFO = YES;
				ONLY_ACTIVE_ARCH = YES;
				SDKROOT = iphoneos;
				SWIFT_ACTIVE_COMPILATION_CONDITIONS = DEBUG;
				SWIFT_OPTIMIZATION_LEVEL = "-Onone";
			};
			name = Debug;
		};
		C0FE187B201FB6470008AF47 /* Release */ = {
			isa = XCBuildConfiguration;
			buildSettings = {
				ALWAYS_SEARCH_USER_PATHS = NO;
				CLANG_ANALYZER_NONNULL = YES;
				CLANG_ANALYZER_NUMBER_OBJECT_CONVERSION = YES_AGGRESSIVE;
				CLANG_CXX_LANGUAGE_STANDARD = "gnu++14";
				CLANG_CXX_LIBRARY = "libc++";
				CLANG_ENABLE_MODULES = YES;
				CLANG_ENABLE_OBJC_ARC = YES;
				CLANG_WARN_BLOCK_CAPTURE_AUTORELEASING = YES;
				CLANG_WARN_BOOL_CONVERSION = YES;
				CLANG_WARN_COMMA = YES;
				CLANG_WARN_CONSTANT_CONVERSION = YES;
				CLANG_WARN_DIRECT_OBJC_ISA_USAGE = YES_ERROR;
				CLANG_WARN_DOCUMENTATION_COMMENTS = YES;
				CLANG_WARN_EMPTY_BODY = YES;
				CLANG_WARN_ENUM_CONVERSION = YES;
				CLANG_WARN_INFINITE_RECURSION = YES;
				CLANG_WARN_INT_CONVERSION = YES;
				CLANG_WARN_NON_LITERAL_NULL_CONVERSION = YES;
				CLANG_WARN_OBJC_LITERAL_CONVERSION = YES;
				CLANG_WARN_OBJC_ROOT_CLASS = YES_ERROR;
				CLANG_WARN_RANGE_LOOP_ANALYSIS = YES;
				CLANG_WARN_STRICT_PROTOTYPES = YES;
				CLANG_WARN_SUSPICIOUS_MOVE = YES;
				CLANG_WARN_UNGUARDED_AVAILABILITY = YES_AGGRESSIVE;
				CLANG_WARN_UNREACHABLE_CODE = YES;
				CLANG_WARN__DUPLICATE_METHOD_MATCH = YES;
				CODE_SIGN_IDENTITY = "iPhone Developer";
				COPY_PHASE_STRIP = NO;
				DEBUG_INFORMATION_FORMAT = "dwarf-with-dsym";
				ENABLE_NS_ASSERTIONS = NO;
				ENABLE_STRICT_OBJC_MSGSEND = YES;
				GCC_C_LANGUAGE_STANDARD = gnu11;
				GCC_NO_COMMON_BLOCKS = YES;
				GCC_WARN_64_TO_32_BIT_CONVERSION = YES;
				GCC_WARN_ABOUT_RETURN_TYPE = YES_ERROR;
				GCC_WARN_UNDECLARED_SELECTOR = YES;
				GCC_WARN_UNINITIALIZED_AUTOS = YES_AGGRESSIVE;
				GCC_WARN_UNUSED_FUNCTION = YES;
				GCC_WARN_UNUSED_VARIABLE = YES;
				IPHONEOS_DEPLOYMENT_TARGET = 11.2;
				MTL_ENABLE_DEBUG_INFO = NO;
				SDKROOT = iphoneos;
				SWIFT_OPTIMIZATION_LEVEL = "-Owholemodule";
				VALIDATE_PRODUCT = YES;
			};
			name = Release;
		};
		C0FE187D201FB6470008AF47 /* Debug */ = {
			isa = XCBuildConfiguration;
			baseConfigurationReference = A5CAEF15F3BD8B9B3D94FF72 /* Pods-Wine App.debug.xcconfig */;
			buildSettings = {
				ASSETCATALOG_COMPILER_APPICON_NAME = AppIcon;
				CODE_SIGN_STYLE = Automatic;
				DEVELOPMENT_TEAM = GZGUE69R79;
				INFOPLIST_FILE = "Wine App/Info.plist";
				LD_RUNPATH_SEARCH_PATHS = "$(inherited) @executable_path/Frameworks";
				PRODUCT_BUNDLE_IDENTIFIER = "ly.trailwise.Wine-App";
				PRODUCT_NAME = "$(TARGET_NAME)";
				SWIFT_VERSION = 4.0;
				TARGETED_DEVICE_FAMILY = "1,2";
			};
			name = Debug;
		};
		C0FE187E201FB6470008AF47 /* Release */ = {
			isa = XCBuildConfiguration;
			baseConfigurationReference = 8066998CD73604D80CDC574A /* Pods-Wine App.release.xcconfig */;
			buildSettings = {
				ASSETCATALOG_COMPILER_APPICON_NAME = AppIcon;
				CODE_SIGN_STYLE = Automatic;
				DEVELOPMENT_TEAM = GZGUE69R79;
				INFOPLIST_FILE = "Wine App/Info.plist";
				LD_RUNPATH_SEARCH_PATHS = "$(inherited) @executable_path/Frameworks";
				PRODUCT_BUNDLE_IDENTIFIER = "ly.trailwise.Wine-App";
				PRODUCT_NAME = "$(TARGET_NAME)";
				SWIFT_VERSION = 4.0;
				TARGETED_DEVICE_FAMILY = "1,2";
			};
			name = Release;
		};
/* End XCBuildConfiguration section */

/* Begin XCConfigurationList section */
		C0FE1862201FB6460008AF47 /* Build configuration list for PBXProject "Wine App" */ = {
			isa = XCConfigurationList;
			buildConfigurations = (
				C0FE187A201FB6470008AF47 /* Debug */,
				C0FE187B201FB6470008AF47 /* Release */,
			);
			defaultConfigurationIsVisible = 0;
			defaultConfigurationName = Release;
		};
		C0FE187C201FB6470008AF47 /* Build configuration list for PBXNativeTarget "Wine App" */ = {
			isa = XCConfigurationList;
			buildConfigurations = (
				C0FE187D201FB6470008AF47 /* Debug */,
				C0FE187E201FB6470008AF47 /* Release */,
			);
			defaultConfigurationIsVisible = 0;
			defaultConfigurationName = Release;
		};
/* End XCConfigurationList section */

/* Begin XCVersionGroup section */
		C0FE1871201FB6470008AF47 /* Wine_App.xcdatamodeld */ = {
			isa = XCVersionGroup;
			children = (
				C0FE1872201FB6470008AF47 /* Wine_App.xcdatamodel */,
			);
			currentVersion = C0FE1872201FB6470008AF47 /* Wine_App.xcdatamodel */;
			path = Wine_App.xcdatamodeld;
			sourceTree = "<group>";
			versionGroupType = wrapper.xcdatamodel;
		};
/* End XCVersionGroup section */
	};
	rootObject = C0FE185F201FB6460008AF47 /* Project object */;
}
